
Microsoft Visual Studio Solution File, Format Version 12.00
# Visual Studio Version 16
VisualStudioVersion = 16.0.30204.135
MinimumVisualStudioVersion = 10.0.40219.1
Project("{8BC9CEB8-8B4A-11D0-8D11-00A0C91BC942}") = "0622", "0622\0622.vcxproj", "{BBCF21EB-0375-45A9-8321-0193B0B4924F}"
EndProject
Global
	GlobalSection(SolutionConfigurationPlatforms) = preSolution
		Debug|x64 = Debug|x64
		Debug|x86 = Debug|x86
		Release|x64 = Release|x64
		Release|x86 = Release|x86
	EndGlobalSection
	GlobalSection(ProjectConfigurationPlatforms) = postSolution
		{BBCF21EB-0375-45A9-8321-0193B0B4924F}.Debug|x64.ActiveCfg = Debug|x64
		{BBCF21EB-0375-45A9-8321-0193B0B4924F}.Debug|x64.Build.0 = Debug|x64
		{BBCF21EB-0375-45A9-8321-0193B0B4924F}.Debug|x86.ActiveCfg = Debug|Win32
		{BBCF21EB-0375-45A9-8321-0193B0B4924F}.Debug|x86.Build.0 = Debug|Win32
		{BBCF21EB-0375-45A9-8321-0193B0B4924F}.Release|x64.ActiveCfg = Release|x64
		{BBCF21EB-0375-45A9-8321-0193B0B4924F}.Release|x64.Build.0 = Release|x64
		{BBCF21EB-0375-45A9-8321-0193B0B4924F}.Release|x86.ActiveCfg = Release|Win32
		{BBCF21EB-0375-45A9-8321-0193B0B4924F}.Release|x86.Build.0 = Release|Win32
	EndGlobalSection
	GlobalSection(SolutionProperties) = preSolution
		HideSolutionNode = FALSE
	EndGlobalSection
	GlobalSection(ExtensibilityGlobals) = postSolution
		SolutionGuid = {1758FFE6-8CFF-44A1-9368-2D443BEEBB35}
	EndGlobalSection
EndGlobal
